
Microsoft Visual Studio Solution File, Format Version 12.00
# Visual Studio 15
VisualStudioVersion = 15.0.27130.2010
MinimumVisualStudioVersion = 10.0.40219.1
Project("{FAE04EC0-301F-11D3-BF4B-00C04F79EFBC}") = "CodingProblem1", "CodingProblem1\CodingProblem1.csproj", "{EC72AE54-BF42-41BF-BF1B-7FEEC75E7102}"
EndProject
Global
	GlobalSection(SolutionConfigurationPlatforms) = preSolution
		Debug|Any CPU = Debug|Any CPU
		Release|Any CPU = Release|Any CPU
	EndGlobalSection
	GlobalSection(ProjectConfigurationPlatforms) = postSolution
		{EC72AE54-BF42-41BF-BF1B-7FEEC75E7102}.Debug|Any CPU.ActiveCfg = Debug|Any CPU
		{EC72AE54-BF42-41BF-BF1B-7FEEC75E7102}.Debug|Any CPU.Build.0 = Debug|Any CPU
		{EC72AE54-BF42-41BF-BF1B-7FEEC75E7102}.Release|Any CPU.ActiveCfg = Release|Any CPU
		{EC72AE54-BF42-41BF-BF1B-7FEEC75E7102}.Release|Any CPU.Build.0 = Release|Any CPU
	EndGlobalSection
	GlobalSection(SolutionProperties) = preSolution
		HideSolutionNode = FALSE
	EndGlobalSection
	GlobalSection(ExtensibilityGlobals) = postSolution
		SolutionGuid = {BB7109D4-02EF-48FC-97A6-798F7EFBB4AE}
	EndGlobalSection
EndGlobal
